{
  "name": "couchsnap",
  "version": "2.0.1",
  "lockfileVersion": 3,
  "requires": true,
  "packages": {
    "": {
      "name": "couchsnap",
      "version": "2.0.1",
      "license": "Apache-2.0",
      "dependencies": {
        "ccurllib": "^4.0.1",
        "jsonpour": "^2.0.0"
      },
      "bin": {
        "couchsnap": "bin/couchsnap.bin.js"
      }
    },
    "node_modules/ccurllib": {
      "version": "4.0.1",
      "resolved": "https://registry.npmjs.org/ccurllib/-/ccurllib-4.0.1.tgz",
      "integrity": "sha512-NzyOZJin6QwzlNkbT8rTTwlVSXBvI8qZ8w9iZlIf56bRy3QYLDgnCcjSbCZ+4rvjFnRRzndiTryQ506a420k0w==",
      "license": "Apache-2.0"
    },
    "node_modules/jsonpour": {
      "version": "2.0.0",
      "resolved": "https://registry.npmjs.org/jsonpour/-/jsonpour-2.0.0.tgz",
      "integrity": "sha512-hKCRraso+te69yTWssJ6/1I216AC9BuZC/0bzzTvGWjIxgpk217INJtrH0s9l1AWWCV6cjodV/mwNQsjBsGH7g==",
      "license": "Apache-2.0"
    }
  }
}
